
Microsoft Visual Studio Solution File, Format Version 12.00
# Visual Studio Version 17
VisualStudioVersion = 17.14.36408.4
MinimumVisualStudioVersion = 10.0.40219.1
Project("{FAE04EC0-301F-11D3-BF4B-00C04F79EFBC}") = "Obfuscator", "Obfuscator\Obfuscator.csproj", "{7BCDF3FE-8228-4E08-9D3F-62C11EC7EECD}"
EndProject
Global
	GlobalSection(SolutionConfigurationPlatforms) = preSolution
		Debug|Any CPU = Debug|Any CPU
		Release|Any CPU = Release|Any CPU
	EndGlobalSection
	GlobalSection(ProjectConfigurationPlatforms) = postSolution
		{7BCDF3FE-8228-4E08-9D3F-62C11EC7EECD}.Debug|Any CPU.ActiveCfg = Debug|Any CPU
		{7BCDF3FE-8228-4E08-9D3F-62C11EC7EECD}.Debug|Any CPU.Build.0 = Debug|Any CPU
		{7BCDF3FE-8228-4E08-9D3F-62C11EC7EECD}.Release|Any CPU.ActiveCfg = Release|Any CPU
		{7BCDF3FE-8228-4E08-9D3F-62C11EC7EECD}.Release|Any CPU.Build.0 = Release|Any CPU
	EndGlobalSection
	GlobalSection(SolutionProperties) = preSolution
		HideSolutionNode = FALSE
	EndGlobalSection
	GlobalSection(ExtensibilityGlobals) = postSolution
		SolutionGuid = {7AABB980-DE5F-4D9C-8508-AF532CDF9F96}
	EndGlobalSection
EndGlobal
